
Microsoft Visual Studio Solution File, Format Version 12.00
# Visual Studio Version 16
VisualStudioVersion = 16.0.29409.12
MinimumVisualStudioVersion = 10.0.40219.1
Project("{8BC9CEB8-8B4A-11D0-8D11-00A0C91BC942}") = "Doudizhu_demo", "Doudizhu_demo.vcxproj", "{B79860AA-6D40-4C17-B3EE-B87E1CD247A5}"
EndProject
Global
	GlobalSection(SolutionConfigurationPlatforms) = preSolution
		Debug|x64 = Debug|x64
		Debug|x86 = Debug|x86
		Release|x64 = Release|x64
		Release|x86 = Release|x86
	EndGlobalSection
	GlobalSection(ProjectConfigurationPlatforms) = postSolution
		{B79860AA-6D40-4C17-B3EE-B87E1CD247A5}.Debug|x64.ActiveCfg = Debug|x64
		{B79860AA-6D40-4C17-B3EE-B87E1CD247A5}.Debug|x64.Build.0 = Debug|x64
		{B79860AA-6D40-4C17-B3EE-B87E1CD247A5}.Debug|x86.ActiveCfg = Debug|Win32
		{B79860AA-6D40-4C17-B3EE-B87E1CD247A5}.Debug|x86.Build.0 = Debug|Win32
		{B79860AA-6D40-4C17-B3EE-B87E1CD247A5}.Release|x64.ActiveCfg = Release|x64
		{B79860AA-6D40-4C17-B3EE-B87E1CD247A5}.Release|x64.Build.0 = Release|x64
		{B79860AA-6D40-4C17-B3EE-B87E1CD247A5}.Release|x86.ActiveCfg = Release|Win32
		{B79860AA-6D40-4C17-B3EE-B87E1CD247A5}.Release|x86.Build.0 = Release|Win32
	EndGlobalSection
	GlobalSection(SolutionProperties) = preSolution
		HideSolutionNode = FALSE
	EndGlobalSection
	GlobalSection(ExtensibilityGlobals) = postSolution
		SolutionGuid = {6409F620-4F58-48B1-A27F-D05906C15344}
	EndGlobalSection
EndGlobal
